
Microsoft Visual Studio Solution File, Format Version 9.00
# Visual Studio 2005
Project("{8BC9CEB8-8B4A-11D0-8D11-00A0C91BC942}") = "emitter", "emitter\emitter.vcproj", "{B0B56062-39D6-4BEA-B0C9-A06AC2A65555}"
EndProject
Global
	GlobalSection(SolutionConfigurationPlatforms) = preSolution
		Debug|Win32 = Debug|Win32
		Release|Win32 = Release|Win32
	EndGlobalSection
	GlobalSection(ProjectConfigurationPlatforms) = postSolution
		{B0B56062-39D6-4BEA-B0C9-A06AC2A65555}.Debug|Win32.ActiveCfg = Debug|Win32
		{B0B56062-39D6-4BEA-B0C9-A06AC2A65555}.Debug|Win32.Build.0 = Debug|Win32
		{B0B56062-39D6-4BEA-B0C9-A06AC2A65555}.Release|Win32.ActiveCfg = Release|Win32
		{B0B56062-39D6-4BEA-B0C9-A06AC2A65555}.Release|Win32.Build.0 = Release|Win32
	EndGlobalSection
	GlobalSection(SolutionProperties) = preSolution
		HideSolutionNode = FALSE
	EndGlobalSection
EndGlobal
