
Microsoft Visual Studio Solution File, Format Version 9.00
# Visual Studio 2005
Project("{8BC9CEB8-8B4A-11D0-8D11-00A0C91BC942}") = "nullDC", "nullDC\nullDC.vcproj", "{47CE9BF1-542B-4C45-A22A-353A9FC97322}"
EndProject
Project("{8BC9CEB8-8B4A-11D0-8D11-00A0C91BC942}") = "nullPvr", "plugins\nullPvr\nullPvr\nullPvr.vcproj", "{F8155C2C-5B79-410B-8DFF-60D8D51555E4}"
EndProject
Project("{8BC9CEB8-8B4A-11D0-8D11-00A0C91BC942}") = "nullAICA", "plugins\nullAICA\nullAICA\nullAICA.vcproj", "{8004518C-2321-4CFC-BA6C-873736195691}"
EndProject
Project("{8BC9CEB8-8B4A-11D0-8D11-00A0C91BC942}") = "chankaAICA", "plugins\chankaAICA\chankaAICA\chankaAICA.vcproj", "{71E731E3-8111-41B6-BD13-F2249DBF9928}"
EndProject
Project("{8BC9CEB8-8B4A-11D0-8D11-00A0C91BC942}") = "zNullPvrGL", "plugins\zNullPvrGL\zNullPvrGL\zNullPvrGL.vcproj", "{96D32B6C-E11C-4FD7-A4CD-B296415D2560}"
EndProject
Project("{8BC9CEB8-8B4A-11D0-8D11-00A0C91BC942}") = "zNullGD", "plugins\zNullGD\zNullGD\zNullGD.vcproj", "{1C41AE86-5DF0-4442-B994-B3C6CA482FE1}"
EndProject
Project("{8BC9CEB8-8B4A-11D0-8D11-00A0C91BC942}") = "drkMapleDevices", "plugins\drkMapleDevices\drkMapleDevices\drkMapleDevices.vcproj", "{73FFA215-6F86-4C88-AA59-5735505A8B05}"
EndProject
Project("{8BC9CEB8-8B4A-11D0-8D11-00A0C91BC942}") = "chankaPvr", "plugins\chankaPvr\chankaPvr\drkPvr.vcproj", "{0520BA33-1A98-4DDE-8B36-99F25EDC5BD6}"
EndProject
Project("{8BC9CEB8-8B4A-11D0-8D11-00A0C91BC942}") = "nullGDR", "plugins\nullGDR\nullGDR\nullGDR.vcproj", "{2415C385-C878-4D66-A097-FF25BCCDC1EB}"
EndProject
Global
	GlobalSection(SolutionConfigurationPlatforms) = preSolution
		Debug|Win32 = Debug|Win32
		Debug-NoTrace|Win32 = Debug-NoTrace|Win32
		Debug-Trace|Win32 = Debug-Trace|Win32
		Release|Win32 = Release|Win32
		Release-NoTrace|Win32 = Release-NoTrace|Win32
		Release-Trace|Win32 = Release-Trace|Win32
	EndGlobalSection
	GlobalSection(ProjectConfigurationPlatforms) = postSolution
		{47CE9BF1-542B-4C45-A22A-353A9FC97322}.Debug|Win32.ActiveCfg = Debug|Win32
		{47CE9BF1-542B-4C45-A22A-353A9FC97322}.Debug|Win32.Build.0 = Debug|Win32
		{47CE9BF1-542B-4C45-A22A-353A9FC97322}.Debug-NoTrace|Win32.ActiveCfg = Debug_R|Win32
		{47CE9BF1-542B-4C45-A22A-353A9FC97322}.Debug-NoTrace|Win32.Build.0 = Debug_R|Win32
		{47CE9BF1-542B-4C45-A22A-353A9FC97322}.Debug-Trace|Win32.ActiveCfg = Debug|Win32
		{47CE9BF1-542B-4C45-A22A-353A9FC97322}.Debug-Trace|Win32.Build.0 = Debug|Win32
		{47CE9BF1-542B-4C45-A22A-353A9FC97322}.Release|Win32.ActiveCfg = Release|Win32
		{47CE9BF1-542B-4C45-A22A-353A9FC97322}.Release|Win32.Build.0 = Release|Win32
		{47CE9BF1-542B-4C45-A22A-353A9FC97322}.Release-NoTrace|Win32.ActiveCfg = Release-NoTrace|Win32
		{47CE9BF1-542B-4C45-A22A-353A9FC97322}.Release-NoTrace|Win32.Build.0 = Release-NoTrace|Win32
		{47CE9BF1-542B-4C45-A22A-353A9FC97322}.Release-Trace|Win32.ActiveCfg = Release-NoTrace|x64
		{47CE9BF1-542B-4C45-A22A-353A9FC97322}.Release-Trace|Win32.Build.0 = Release-NoTrace|x64
		{F8155C2C-5B79-410B-8DFF-60D8D51555E4}.Debug|Win32.ActiveCfg = Debug|Win32
		{F8155C2C-5B79-410B-8DFF-60D8D51555E4}.Debug|Win32.Build.0 = Debug|Win32
		{F8155C2C-5B79-410B-8DFF-60D8D51555E4}.Debug-NoTrace|Win32.ActiveCfg = Debug|Win32
		{F8155C2C-5B79-410B-8DFF-60D8D51555E4}.Debug-NoTrace|Win32.Build.0 = Debug|Win32
		{F8155C2C-5B79-410B-8DFF-60D8D51555E4}.Debug-Trace|Win32.ActiveCfg = Debug|Win32
		{F8155C2C-5B79-410B-8DFF-60D8D51555E4}.Debug-Trace|Win32.Build.0 = Debug|Win32
		{F8155C2C-5B79-410B-8DFF-60D8D51555E4}.Release|Win32.ActiveCfg = Release|Win32
		{F8155C2C-5B79-410B-8DFF-60D8D51555E4}.Release|Win32.Build.0 = Release|Win32
		{F8155C2C-5B79-410B-8DFF-60D8D51555E4}.Release-NoTrace|Win32.ActiveCfg = Release|Win32
		{F8155C2C-5B79-410B-8DFF-60D8D51555E4}.Release-NoTrace|Win32.Build.0 = Release|Win32
		{F8155C2C-5B79-410B-8DFF-60D8D51555E4}.Release-Trace|Win32.ActiveCfg = Release|Win32
		{F8155C2C-5B79-410B-8DFF-60D8D51555E4}.Release-Trace|Win32.Build.0 = Release|Win32
		{8004518C-2321-4CFC-BA6C-873736195691}.Debug|Win32.ActiveCfg = Debug|Win32
		{8004518C-2321-4CFC-BA6C-873736195691}.Debug|Win32.Build.0 = Debug|Win32
		{8004518C-2321-4CFC-BA6C-873736195691}.Debug-NoTrace|Win32.ActiveCfg = Debug|Win32
		{8004518C-2321-4CFC-BA6C-873736195691}.Debug-NoTrace|Win32.Build.0 = Debug|Win32
		{8004518C-2321-4CFC-BA6C-873736195691}.Debug-Trace|Win32.ActiveCfg = Debug|Win32
		{8004518C-2321-4CFC-BA6C-873736195691}.Debug-Trace|Win32.Build.0 = Debug|Win32
		{8004518C-2321-4CFC-BA6C-873736195691}.Release|Win32.ActiveCfg = Release|Win32
		{8004518C-2321-4CFC-BA6C-873736195691}.Release|Win32.Build.0 = Release|Win32
		{8004518C-2321-4CFC-BA6C-873736195691}.Release-NoTrace|Win32.ActiveCfg = Release|Win32
		{8004518C-2321-4CFC-BA6C-873736195691}.Release-NoTrace|Win32.Build.0 = Release|Win32
		{8004518C-2321-4CFC-BA6C-873736195691}.Release-Trace|Win32.ActiveCfg = Release|Win32
		{8004518C-2321-4CFC-BA6C-873736195691}.Release-Trace|Win32.Build.0 = Release|Win32
		{71E731E3-8111-41B6-BD13-F2249DBF9928}.Debug|Win32.ActiveCfg = Debug|Win32
		{71E731E3-8111-41B6-BD13-F2249DBF9928}.Debug|Win32.Build.0 = Debug|Win32
		{71E731E3-8111-41B6-BD13-F2249DBF9928}.Debug-NoTrace|Win32.ActiveCfg = Debug|Win32
		{71E731E3-8111-41B6-BD13-F2249DBF9928}.Debug-NoTrace|Win32.Build.0 = Debug|Win32
		{71E731E3-8111-41B6-BD13-F2249DBF9928}.Debug-Trace|Win32.ActiveCfg = Debug|Win32
		{71E731E3-8111-41B6-BD13-F2249DBF9928}.Debug-Trace|Win32.Build.0 = Debug|Win32
		{71E731E3-8111-41B6-BD13-F2249DBF9928}.Release|Win32.ActiveCfg = Release|Win32
		{71E731E3-8111-41B6-BD13-F2249DBF9928}.Release|Win32.Build.0 = Release|Win32
		{71E731E3-8111-41B6-BD13-F2249DBF9928}.Release-NoTrace|Win32.ActiveCfg = Release|Win32
		{71E731E3-8111-41B6-BD13-F2249DBF9928}.Release-NoTrace|Win32.Build.0 = Release|Win32
		{71E731E3-8111-41B6-BD13-F2249DBF9928}.Release-Trace|Win32.ActiveCfg = Release|Win32
		{71E731E3-8111-41B6-BD13-F2249DBF9928}.Release-Trace|Win32.Build.0 = Release|Win32
		{96D32B6C-E11C-4FD7-A4CD-B296415D2560}.Debug|Win32.ActiveCfg = Debug|Win32
		{96D32B6C-E11C-4FD7-A4CD-B296415D2560}.Debug|Win32.Build.0 = Debug|Win32
		{96D32B6C-E11C-4FD7-A4CD-B296415D2560}.Debug-NoTrace|Win32.ActiveCfg = Debug|Win32
		{96D32B6C-E11C-4FD7-A4CD-B296415D2560}.Debug-NoTrace|Win32.Build.0 = Debug|Win32
		{96D32B6C-E11C-4FD7-A4CD-B296415D2560}.Debug-Trace|Win32.ActiveCfg = Debug|Win32
		{96D32B6C-E11C-4FD7-A4CD-B296415D2560}.Debug-Trace|Win32.Build.0 = Debug|Win32
		{96D32B6C-E11C-4FD7-A4CD-B296415D2560}.Release|Win32.ActiveCfg = Release|Win32
		{96D32B6C-E11C-4FD7-A4CD-B296415D2560}.Release|Win32.Build.0 = Release|Win32
		{96D32B6C-E11C-4FD7-A4CD-B296415D2560}.Release-NoTrace|Win32.ActiveCfg = Release|Win32
		{96D32B6C-E11C-4FD7-A4CD-B296415D2560}.Release-NoTrace|Win32.Build.0 = Release|Win32
		{96D32B6C-E11C-4FD7-A4CD-B296415D2560}.Release-Trace|Win32.ActiveCfg = Release|Win32
		{96D32B6C-E11C-4FD7-A4CD-B296415D2560}.Release-Trace|Win32.Build.0 = Release|Win32
		{1C41AE86-5DF0-4442-B994-B3C6CA482FE1}.Debug|Win32.ActiveCfg = Debug|Win32
		{1C41AE86-5DF0-4442-B994-B3C6CA482FE1}.Debug|Win32.Build.0 = Debug|Win32
		{1C41AE86-5DF0-4442-B994-B3C6CA482FE1}.Debug-NoTrace|Win32.ActiveCfg = Debug|Win32
		{1C41AE86-5DF0-4442-B994-B3C6CA482FE1}.Debug-NoTrace|Win32.Build.0 = Debug|Win32
		{1C41AE86-5DF0-4442-B994-B3C6CA482FE1}.Debug-Trace|Win32.ActiveCfg = Debug|Win32
		{1C41AE86-5DF0-4442-B994-B3C6CA482FE1}.Debug-Trace|Win32.Build.0 = Debug|Win32
		{1C41AE86-5DF0-4442-B994-B3C6CA482FE1}.Release|Win32.ActiveCfg = Release|Win32
		{1C41AE86-5DF0-4442-B994-B3C6CA482FE1}.Release|Win32.Build.0 = Release|Win32
		{1C41AE86-5DF0-4442-B994-B3C6CA482FE1}.Release-NoTrace|Win32.ActiveCfg = Release|Win32
		{1C41AE86-5DF0-4442-B994-B3C6CA482FE1}.Release-NoTrace|Win32.Build.0 = Release|Win32
		{1C41AE86-5DF0-4442-B994-B3C6CA482FE1}.Release-Trace|Win32.ActiveCfg = Release|Win32
		{1C41AE86-5DF0-4442-B994-B3C6CA482FE1}.Release-Trace|Win32.Build.0 = Release|Win32
		{73FFA215-6F86-4C88-AA59-5735505A8B05}.Debug|Win32.ActiveCfg = Debug|Win32
		{73FFA215-6F86-4C88-AA59-5735505A8B05}.Debug|Win32.Build.0 = Debug|Win32
		{73FFA215-6F86-4C88-AA59-5735505A8B05}.Debug-NoTrace|Win32.ActiveCfg = Debug|Win32
		{73FFA215-6F86-4C88-AA59-5735505A8B05}.Debug-NoTrace|Win32.Build.0 = Debug|Win32
		{73FFA215-6F86-4C88-AA59-5735505A8B05}.Debug-Trace|Win32.ActiveCfg = Debug|Win32
		{73FFA215-6F86-4C88-AA59-5735505A8B05}.Debug-Trace|Win32.Build.0 = Debug|Win32
		{73FFA215-6F86-4C88-AA59-5735505A8B05}.Release|Win32.ActiveCfg = Release|Win32
		{73FFA215-6F86-4C88-AA59-5735505A8B05}.Release|Win32.Build.0 = Release|Win32
		{73FFA215-6F86-4C88-AA59-5735505A8B05}.Release-NoTrace|Win32.ActiveCfg = Release|Win32
		{73FFA215-6F86-4C88-AA59-5735505A8B05}.Release-NoTrace|Win32.Build.0 = Release|Win32
		{73FFA215-6F86-4C88-AA59-5735505A8B05}.Release-Trace|Win32.ActiveCfg = Release|Win32
		{73FFA215-6F86-4C88-AA59-5735505A8B05}.Release-Trace|Win32.Build.0 = Release|Win32
		{0520BA33-1A98-4DDE-8B36-99F25EDC5BD6}.Debug|Win32.ActiveCfg = Debug|Win32
		{0520BA33-1A98-4DDE-8B36-99F25EDC5BD6}.Debug|Win32.Build.0 = Debug|Win32
		{0520BA33-1A98-4DDE-8B36-99F25EDC5BD6}.Debug-NoTrace|Win32.ActiveCfg = Debug|Win32
		{0520BA33-1A98-4DDE-8B36-99F25EDC5BD6}.Debug-NoTrace|Win32.Build.0 = Debug|Win32
		{0520BA33-1A98-4DDE-8B36-99F25EDC5BD6}.Debug-Trace|Win32.ActiveCfg = Debug|Win32
		{0520BA33-1A98-4DDE-8B36-99F25EDC5BD6}.Debug-Trace|Win32.Build.0 = Debug|Win32
		{0520BA33-1A98-4DDE-8B36-99F25EDC5BD6}.Release|Win32.ActiveCfg = Release|Win32
		{0520BA33-1A98-4DDE-8B36-99F25EDC5BD6}.Release|Win32.Build.0 = Release|Win32
		{0520BA33-1A98-4DDE-8B36-99F25EDC5BD6}.Release-NoTrace|Win32.ActiveCfg = Release|Win32
		{0520BA33-1A98-4DDE-8B36-99F25EDC5BD6}.Release-NoTrace|Win32.Build.0 = Release|Win32
		{0520BA33-1A98-4DDE-8B36-99F25EDC5BD6}.Release-Trace|Win32.ActiveCfg = Release|Win32
		{0520BA33-1A98-4DDE-8B36-99F25EDC5BD6}.Release-Trace|Win32.Build.0 = Release|Win32
		{2415C385-C878-4D66-A097-FF25BCCDC1EB}.Debug|Win32.ActiveCfg = Debug|Win32
		{2415C385-C878-4D66-A097-FF25BCCDC1EB}.Debug|Win32.Build.0 = Debug|Win32
		{2415C385-C878-4D66-A097-FF25BCCDC1EB}.Debug-NoTrace|Win32.ActiveCfg = Debug|Win32
		{2415C385-C878-4D66-A097-FF25BCCDC1EB}.Debug-NoTrace|Win32.Build.0 = Debug|Win32
		{2415C385-C878-4D66-A097-FF25BCCDC1EB}.Debug-Trace|Win32.ActiveCfg = Debug|Win32
		{2415C385-C878-4D66-A097-FF25BCCDC1EB}.Debug-Trace|Win32.Build.0 = Debug|Win32
		{2415C385-C878-4D66-A097-FF25BCCDC1EB}.Release|Win32.ActiveCfg = Release|Win32
		{2415C385-C878-4D66-A097-FF25BCCDC1EB}.Release|Win32.Build.0 = Release|Win32
		{2415C385-C878-4D66-A097-FF25BCCDC1EB}.Release-NoTrace|Win32.ActiveCfg = Release|Win32
		{2415C385-C878-4D66-A097-FF25BCCDC1EB}.Release-NoTrace|Win32.Build.0 = Release|Win32
		{2415C385-C878-4D66-A097-FF25BCCDC1EB}.Release-Trace|Win32.ActiveCfg = Release|Win32
		{2415C385-C878-4D66-A097-FF25BCCDC1EB}.Release-Trace|Win32.Build.0 = Release|Win32
	EndGlobalSection
	GlobalSection(SolutionProperties) = preSolution
		HideSolutionNode = FALSE
	EndGlobalSection
EndGlobal
